
Microsoft Visual Studio Solution File, Format Version 12.00
# Visual Studio Version 17
VisualStudioVersion = 17.6.33723.286
MinimumVisualStudioVersion = 10.0.40219.1
Project("{FAE04EC0-301F-11D3-BF4B-00C04F79EFBC}") = "TurnUpPortal-May2024", "TurnUpPortal-May2024.csproj", "{34B37DE0-A4AE-4F37-A223-300F68111815}"
EndProject
Global
	GlobalSection(SolutionConfigurationPlatforms) = preSolution
		Debug|Any CPU = Debug|Any CPU
		Release|Any CPU = Release|Any CPU
	EndGlobalSection
	GlobalSection(ProjectConfigurationPlatforms) = postSolution
		{34B37DE0-A4AE-4F37-A223-300F68111815}.Debug|Any CPU.ActiveCfg = Debug|Any CPU
		{34B37DE0-A4AE-4F37-A223-300F68111815}.Debug|Any CPU.Build.0 = Debug|Any CPU
		{34B37DE0-A4AE-4F37-A223-300F68111815}.Release|Any CPU.ActiveCfg = Release|Any CPU
		{34B37DE0-A4AE-4F37-A223-300F68111815}.Release|Any CPU.Build.0 = Release|Any CPU
	EndGlobalSection
	GlobalSection(SolutionProperties) = preSolution
		HideSolutionNode = FALSE
	EndGlobalSection
	GlobalSection(ExtensibilityGlobals) = postSolution
		SolutionGuid = {C9F45E76-021A-4DDF-B37F-9CEB2232E72B}
	EndGlobalSection
EndGlobal
